// !$*UTF8*$!
{
	archiveVersion = 1;
	classes = {
	};
	objectVersion = 46;
	objects = {

/* Begin PBXBuildFile section */
		885F89051B0BA085009C82EB /* Images.xcassets in Resources */ = {isa = PBXBuildFile; fileRef = 885F89041B0BA085009C82EB /* Images.xcassets */; };
		885F89081B0BA085009C82EB /* LaunchScreen.xib in Resources */ = {isa = PBXBuildFile; fileRef = 885F89061B0BA085009C82EB /* LaunchScreen.xib */; };
		885F89141B0BA085009C82EB /* BouncerL13Tests.swift in Sources */ = {isa = PBXBuildFile; fileRef = 885F89131B0BA085009C82EB /* BouncerL13Tests.swift */; };
		885F891E1B0BA39B009C82EB /* AppDelegate.swift in Sources */ = {isa = PBXBuildFile; fileRef = 885F891D1B0BA39B009C82EB /* AppDelegate.swift */; };
		885F89221B0BA3BC009C82EB /* BouncerBehavior.swift in Sources */ = {isa = PBXBuildFile; fileRef = 885F891F1B0BA3BC009C82EB /* BouncerBehavior.swift */; };
		885F89231B0BA3BC009C82EB /* ViewController.swift in Sources */ = {isa = PBXBuildFile; fileRef = 885F89201B0BA3BC009C82EB /* ViewController.swift */; };
		885F89241B0BA3BC009C82EB /* Main.storyboard in Resources */ = {isa = PBXBuildFile; fileRef = 885F89211B0BA3BC009C82EB /* Main.storyboard */; };
		885F89281B0BA4DC009C82EB /* BouncerViewController.swift in Sources */ = {isa = PBXBuildFile; fileRef = 885F89271B0BA4DC009C82EB /* BouncerViewController.swift */; };
		889BA01C1B0D86C2001172AB /* Youre_Beautiful_-Phil_Wickham_{HD}.mp4 in Resources */ = {isa = PBXBuildFile; fileRef = 889BA01B1B0D85F2001172AB /* Youre_Beautiful_-Phil_Wickham_{HD}.mp4 */; };
		889BA01E1B0E2420001172AB /* CYMATICS_Science_Vs._Music_-_Nigel_Stanford.mp4 in Resources */ = {isa = PBXBuildFile; fileRef = 889BA01D1B0E233D001172AB /* CYMATICS_Science_Vs._Music_-_Nigel_Stanford.mp4 */; };
		889BA0211B0E66B6001172AB /* Best_of_Hubble_Space_Telescope__Extremely_High_Resolution.mp4 in Resources */ = {isa = PBXBuildFile; fileRef = 889BA01F1B0E6679001172AB /* Best_of_Hubble_Space_Telescope__Extremely_High_Resolution.mp4 */; };
		889BA0221B0E66BD001172AB /* How_to_Get_to_Mars._Very_Cool!_HD.mp4 in Resources */ = {isa = PBXBuildFile; fileRef = 889BA0201B0E668D001172AB /* How_to_Get_to_Mars._Very_Cool!_HD.mp4 */; };
		889BA0241B0E7A7F001172AB /* Blood_Moons_In_Biblical_Prophecy_Incredible_Year_Ahead_In_2015!_Part_1.mp4 in Resources */ = {isa = PBXBuildFile; fileRef = 889BA0231B0E7A63001172AB /* Blood_Moons_In_Biblical_Prophecy_Incredible_Year_Ahead_In_2015!_Part_1.mp4 */; };
		889BA0261B0EA525001172AB /* Cornerstone_-_Hillsong_Live_(2012_Album_Cornerstone)_Lyrics_DVD_(Worship_Song_to_Jesus).mp4 in Resources */ = {isa = PBXBuildFile; fileRef = 889BA0251B0EA4E9001172AB /* Cornerstone_-_Hillsong_Live_(2012_Album_Cornerstone)_Lyrics_DVD_(Worship_Song_to_Jesus).mp4 */; };
		889BA0281B0FA20F001172AB /* Settings.bundle in Resources */ = {isa = PBXBuildFile; fileRef = 885F89251B0BA3FB009C82EB /* Settings.bundle */; };
/* End PBXBuildFile section */

/* Begin PBXContainerItemProxy section */
		885F890E1B0BA085009C82EB /* PBXContainerItemProxy */ = {
			isa = PBXContainerItemProxy;
			containerPortal = 885F88F01B0BA085009C82EB /* Project object */;
			proxyType = 1;
			remoteGlobalIDString = 885F88F71B0BA085009C82EB;
			remoteInfo = BouncerL13;
		};
/* End PBXContainerItemProxy section */

/* Begin PBXFileReference section */
		885F88F81B0BA085009C82EB /* BouncerL13.app */ = {isa = PBXFileReference; explicitFileType = wrapper.application; includeInIndex = 0; path = BouncerL13.app; sourceTree = BUILT_PRODUCTS_DIR; };
		885F88FC1B0BA085009C82EB /* Info.plist */ = {isa = PBXFileReference; lastKnownFileType = text.plist.xml; path = Info.plist; sourceTree = "<group>"; };
		885F89041B0BA085009C82EB /* Images.xcassets */ = {isa = PBXFileReference; lastKnownFileType = folder.assetcatalog; path = Images.xcassets; sourceTree = "<group>"; };
		885F89071B0BA085009C82EB /* Base */ = {isa = PBXFileReference; lastKnownFileType = file.xib; name = Base; path = Base.lproj/LaunchScreen.xib; sourceTree = "<group>"; };
		885F890D1B0BA085009C82EB /* BouncerL13Tests.xctest */ = {isa = PBXFileReference; explicitFileType = wrapper.cfbundle; includeInIndex = 0; path = BouncerL13Tests.xctest; sourceTree = BUILT_PRODUCTS_DIR; };
		885F89121B0BA085009C82EB /* Info.plist */ = {isa = PBXFileReference; lastKnownFileType = text.plist.xml; path = Info.plist; sourceTree = "<group>"; };
		885F89131B0BA085009C82EB /* BouncerL13Tests.swift */ = {isa = PBXFileReference; lastKnownFileType = sourcecode.swift; path = BouncerL13Tests.swift; sourceTree = "<group>"; };
		885F891D1B0BA39B009C82EB /* AppDelegate.swift */ = {isa = PBXFileReference; fileEncoding = 4; lastKnownFileType = sourcecode.swift; path = AppDelegate.swift; sourceTree = "<group>"; };
		885F891F1B0BA3BC009C82EB /* BouncerBehavior.swift */ = {isa = PBXFileReference; fileEncoding = 4; lastKnownFileType = sourcecode.swift; path = BouncerBehavior.swift; sourceTree = "<group>"; };
		885F89201B0BA3BC009C82EB /* ViewController.swift */ = {isa = PBXFileReference; fileEncoding = 4; lastKnownFileType = sourcecode.swift; path = ViewController.swift; sourceTree = "<group>"; };
		885F89211B0BA3BC009C82EB /* Main.storyboard */ = {isa = PBXFileReference; fileEncoding = 4; lastKnownFileType = file.storyboard; path = Main.storyboard; sourceTree = "<group>"; };
		885F89251B0BA3FB009C82EB /* Settings.bundle */ = {isa = PBXFileReference; lastKnownFileType = "wrapper.plug-in"; path = Settings.bundle; sourceTree = "<group>"; };
		885F89271B0BA4DC009C82EB /* BouncerViewController.swift */ = {isa = PBXFileReference; fileEncoding = 4; lastKnownFileType = sourcecode.swift; path = BouncerViewController.swift; sourceTree = "<group>"; };
		889BA01B1B0D85F2001172AB /* Youre_Beautiful_-Phil_Wickham_{HD}.mp4 */ = {isa = PBXFileReference; lastKnownFileType = file; path = "Youre_Beautiful_-Phil_Wickham_{HD}.mp4"; sourceTree = "<group>"; };
		889BA01D1B0E233D001172AB /* CYMATICS_Science_Vs._Music_-_Nigel_Stanford.mp4 */ = {isa = PBXFileReference; lastKnownFileType = file; path = "CYMATICS_Science_Vs._Music_-_Nigel_Stanford.mp4"; sourceTree = "<group>"; };
		889BA01F1B0E6679001172AB /* Best_of_Hubble_Space_Telescope__Extremely_High_Resolution.mp4 */ = {isa = PBXFileReference; lastKnownFileType = file; path = Best_of_Hubble_Space_Telescope__Extremely_High_Resolution.mp4; sourceTree = "<group>"; };
		889BA0201B0E668D001172AB /* How_to_Get_to_Mars._Very_Cool!_HD.mp4 */ = {isa = PBXFileReference; lastKnownFileType = file; path = "How_to_Get_to_Mars._Very_Cool!_HD.mp4"; sourceTree = "<group>"; };
		889BA0231B0E7A63001172AB /* Blood_Moons_In_Biblical_Prophecy_Incredible_Year_Ahead_In_2015!_Part_1.mp4 */ = {isa = PBXFileReference; lastKnownFileType = file; path = "Blood_Moons_In_Biblical_Prophecy_Incredible_Year_Ahead_In_2015!_Part_1.mp4"; sourceTree = "<group>"; };
		889BA0251B0EA4E9001172AB /* Cornerstone_-_Hillsong_Live_(2012_Album_Cornerstone)_Lyrics_DVD_(Worship_Song_to_Jesus).mp4 */ = {isa = PBXFileReference; lastKnownFileType = file; path = "Cornerstone_-_Hillsong_Live_(2012_Album_Cornerstone)_Lyrics_DVD_(Worship_Song_to_Jesus).mp4"; sourceTree = "<group>"; };
/* End PBXFileReference section */

/* Begin PBXFrameworksBuildPhase section */
		885F88F51B0BA085009C82EB /* Frameworks */ = {
			isa = PBXFrameworksBuildPhase;
			buildActionMask = 2147483647;
			files = (
			);
			runOnlyForDeploymentPostprocessing = 0;
		};
		885F890A1B0BA085009C82EB /* Frameworks */ = {
			isa = PBXFrameworksBuildPhase;
			buildActionMask = 2147483647;
			files = (
			);
			runOnlyForDeploymentPostprocessing = 0;
		};
/* End PBXFrameworksBuildPhase section */

/* Begin PBXGroup section */
		885F88EF1B0BA085009C82EB = {
			isa = PBXGroup;
			children = (
				885F88FA1B0BA085009C82EB /* BouncerL13 */,
				885F89101B0BA085009C82EB /* BouncerL13Tests */,
				885F88F91B0BA085009C82EB /* Products */,
			);
			sourceTree = "<group>";
		};
		885F88F91B0BA085009C82EB /* Products */ = {
			isa = PBXGroup;
			children = (
				885F88F81B0BA085009C82EB /* BouncerL13.app */,
				885F890D1B0BA085009C82EB /* BouncerL13Tests.xctest */,
			);
			name = Products;
			sourceTree = "<group>";
		};
		885F88FA1B0BA085009C82EB /* BouncerL13 */ = {
			isa = PBXGroup;
			children = (
				885F891D1B0BA39B009C82EB /* AppDelegate.swift */,
				885F89251B0BA3FB009C82EB /* Settings.bundle */,
				885F891F1B0BA3BC009C82EB /* BouncerBehavior.swift */,
				885F89271B0BA4DC009C82EB /* BouncerViewController.swift */,
				889BA01B1B0D85F2001172AB /* Youre_Beautiful_-Phil_Wickham_{HD}.mp4 */,
				889BA01D1B0E233D001172AB /* CYMATICS_Science_Vs._Music_-_Nigel_Stanford.mp4 */,
				889BA0251B0EA4E9001172AB /* Cornerstone_-_Hillsong_Live_(2012_Album_Cornerstone)_Lyrics_DVD_(Worship_Song_to_Jesus).mp4 */,
				889BA0201B0E668D001172AB /* How_to_Get_to_Mars._Very_Cool!_HD.mp4 */,
				889BA0231B0E7A63001172AB /* Blood_Moons_In_Biblical_Prophecy_Incredible_Year_Ahead_In_2015!_Part_1.mp4 */,
				889BA01F1B0E6679001172AB /* Best_of_Hubble_Space_Telescope__Extremely_High_Resolution.mp4 */,
				885F89211B0BA3BC009C82EB /* Main.storyboard */,
				885F88FB1B0BA085009C82EB /* Supporting Files */,
			);
			path = BouncerL13;
			sourceTree = "<group>";
		};
		885F88FB1B0BA085009C82EB /* Supporting Files */ = {
			isa = PBXGroup;
			children = (
				885F89201B0BA3BC009C82EB /* ViewController.swift */,
				885F89041B0BA085009C82EB /* Images.xcassets */,
				885F89061B0BA085009C82EB /* LaunchScreen.xib */,
				885F88FC1B0BA085009C82EB /* Info.plist */,
			);
			name = "Supporting Files";
			sourceTree = "<group>";
		};
		885F89101B0BA085009C82EB /* BouncerL13Tests */ = {
			isa = PBXGroup;
			children = (
				885F89131B0BA085009C82EB /* BouncerL13Tests.swift */,
				885F89111B0BA085009C82EB /* Supporting Files */,
			);
			path = BouncerL13Tests;
			sourceTree = "<group>";
		};
		885F89111B0BA085009C82EB /* Supporting Files */ = {
			isa = PBXGroup;
			children = (
				885F89121B0BA085009C82EB /* Info.plist */,
			);
			name = "Supporting Files";
			sourceTree = "<group>";
		};
/* End PBXGroup section */

/* Begin PBXNativeTarget section */
		885F88F71B0BA085009C82EB /* BouncerL13 */ = {
			isa = PBXNativeTarget;
			buildConfigurationList = 885F89171B0BA085009C82EB /* Build configuration list for PBXNativeTarget "BouncerL13" */;
			buildPhases = (
				885F88F41B0BA085009C82EB /* Sources */,
				885F88F51B0BA085009C82EB /* Frameworks */,
				885F88F61B0BA085009C82EB /* Resources */,
			);
			buildRules = (
			);
			dependencies = (
			);
			name = BouncerL13;
			productName = BouncerL13;
			productReference = 885F88F81B0BA085009C82EB /* BouncerL13.app */;
			productType = "com.apple.product-type.application";
		};
		885F890C1B0BA085009C82EB /* BouncerL13Tests */ = {
			isa = PBXNativeTarget;
			buildConfigurationList = 885F891A1B0BA085009C82EB /* Build configuration list for PBXNativeTarget "BouncerL13Tests" */;
			buildPhases = (
				885F89091B0BA085009C82EB /* Sources */,
				885F890A1B0BA085009C82EB /* Frameworks */,
				885F890B1B0BA085009C82EB /* Resources */,
			);
			buildRules = (
			);
			dependencies = (
				885F890F1B0BA085009C82EB /* PBXTargetDependency */,
			);
			name = BouncerL13Tests;
			productName = BouncerL13Tests;
			productReference = 885F890D1B0BA085009C82EB /* BouncerL13Tests.xctest */;
			productType = "com.apple.product-type.bundle.unit-test";
		};
/* End PBXNativeTarget section */

/* Begin PBXProject section */
		885F88F01B0BA085009C82EB /* Project object */ = {
			isa = PBXProject;
			attributes = {
				LastUpgradeCheck = 0640;
				ORGANIZATIONNAME = "Garth MacKenzie";
				TargetAttributes = {
					885F88F71B0BA085009C82EB = {
						CreatedOnToolsVersion = 6.3.2;
						DevelopmentTeam = 7P9362E76E;
					};
					885F890C1B0BA085009C82EB = {
						CreatedOnToolsVersion = 6.3.2;
						TestTargetID = 885F88F71B0BA085009C82EB;
					};
				};
			};
			buildConfigurationList = 885F88F31B0BA085009C82EB /* Build configuration list for PBXProject "BouncerL13" */;
			compatibilityVersion = "Xcode 3.2";
			developmentRegion = English;
			hasScannedForEncodings = 0;
			knownRegions = (
				en,
				Base,
			);
			mainGroup = 885F88EF1B0BA085009C82EB;
			productRefGroup = 885F88F91B0BA085009C82EB /* Products */;
			projectDirPath = "";
			projectRoot = "";
			targets = (
				885F88F71B0BA085009C82EB /* BouncerL13 */,
				885F890C1B0BA085009C82EB /* BouncerL13Tests */,
			);
		};
/* End PBXProject section */

/* Begin PBXResourcesBuildPhase section */
		885F88F61B0BA085009C82EB /* Resources */ = {
			isa = PBXResourcesBuildPhase;
			buildActionMask = 2147483647;
			files = (
				889BA0281B0FA20F001172AB /* Settings.bundle in Resources */,
				889BA0261B0EA525001172AB /* Cornerstone_-_Hillsong_Live_(2012_Album_Cornerstone)_Lyrics_DVD_(Worship_Song_to_Jesus).mp4 in Resources */,
				889BA0241B0E7A7F001172AB /* Blood_Moons_In_Biblical_Prophecy_Incredible_Year_Ahead_In_2015!_Part_1.mp4 in Resources */,
				889BA0221B0E66BD001172AB /* How_to_Get_to_Mars._Very_Cool!_HD.mp4 in Resources */,
				889BA0211B0E66B6001172AB /* Best_of_Hubble_Space_Telescope__Extremely_High_Resolution.mp4 in Resources */,
				889BA01E1B0E2420001172AB /* CYMATICS_Science_Vs._Music_-_Nigel_Stanford.mp4 in Resources */,
				889BA01C1B0D86C2001172AB /* Youre_Beautiful_-Phil_Wickham_{HD}.mp4 in Resources */,
				885F89241B0BA3BC009C82EB /* Main.storyboard in Resources */,
				885F89081B0BA085009C82EB /* LaunchScreen.xib in Resources */,
				885F89051B0BA085009C82EB /* Images.xcassets in Resources */,
			);
			runOnlyForDeploymentPostprocessing = 0;
		};
		885F890B1B0BA085009C82EB /* Resources */ = {
			isa = PBXResourcesBuildPhase;
			buildActionMask = 2147483647;
			files = (
			);
			runOnlyForDeploymentPostprocessing = 0;
		};
/* End PBXResourcesBuildPhase section */

/* Begin PBXSourcesBuildPhase section */
		885F88F41B0BA085009C82EB /* Sources */ = {
			isa = PBXSourcesBuildPhase;
			buildActionMask = 2147483647;
			files = (
				885F89231B0BA3BC009C82EB /* ViewController.swift in Sources */,
				885F89221B0BA3BC009C82EB /* BouncerBehavior.swift in Sources */,
				885F891E1B0BA39B009C82EB /* AppDelegate.swift in Sources */,
				885F89281B0BA4DC009C82EB /* BouncerViewController.swift in Sources */,
			);
			runOnlyForDeploymentPostprocessing = 0;
		};
		885F89091B0BA085009C82EB /* Sources */ = {
			isa = PBXSourcesBuildPhase;
			buildActionMask = 2147483647;
			files = (
				885F89141B0BA085009C82EB /* BouncerL13Tests.swift in Sources */,
			);
			runOnlyForDeploymentPostprocessing = 0;
		};
/* End PBXSourcesBuildPhase section */

/* Begin PBXTargetDependency section */
		885F890F1B0BA085009C82EB /* PBXTargetDependency */ = {
			isa = PBXTargetDependency;
			target = 885F88F71B0BA085009C82EB /* BouncerL13 */;
			targetProxy = 885F890E1B0BA085009C82EB /* PBXContainerItemProxy */;
		};
/* End PBXTargetDependency section */

/* Begin PBXVariantGroup section */
		885F89061B0BA085009C82EB /* LaunchScreen.xib */ = {
			isa = PBXVariantGroup;
			children = (
				885F89071B0BA085009C82EB /* Base */,
			);
			name = LaunchScreen.xib;
			sourceTree = "<group>";
		};
/* End PBXVariantGroup section */

/* Begin XCBuildConfiguration section */
		885F89151B0BA085009C82EB /* Debug */ = {
			isa = XCBuildConfiguration;
			buildSettings = {
				ALWAYS_SEARCH_USER_PATHS = NO;
				CLANG_CXX_LANGUAGE_STANDARD = "gnu++0x";
				CLANG_CXX_LIBRARY = "libc++";
				CLANG_ENABLE_MODULES = YES;
				CLANG_ENABLE_OBJC_ARC = YES;
				CLANG_WARN_BOOL_CONVERSION = YES;
				CLANG_WARN_CONSTANT_CONVERSION = YES;
				CLANG_WARN_DIRECT_OBJC_ISA_USAGE = YES_ERROR;
				CLANG_WARN_EMPTY_BODY = YES;
				CLANG_WARN_ENUM_CONVERSION = YES;
				CLANG_WARN_INT_CONVERSION = YES;
				CLANG_WARN_OBJC_ROOT_CLASS = YES_ERROR;
				CLANG_WARN_UNREACHABLE_CODE = YES;
				CLANG_WARN__DUPLICATE_METHOD_MATCH = YES;
				CODE_SIGN_IDENTITY = "iPhone Distribution";
				"CODE_SIGN_IDENTITY[sdk=iphoneos*]" = "iPhone Developer";
				COPY_PHASE_STRIP = NO;
				DEBUG_INFORMATION_FORMAT = "dwarf-with-dsym";
				ENABLE_STRICT_OBJC_MSGSEND = YES;
				GCC_C_LANGUAGE_STANDARD = gnu99;
				GCC_DYNAMIC_NO_PIC = NO;
				GCC_NO_COMMON_BLOCKS = YES;
				GCC_OPTIMIZATION_LEVEL = 0;
				GCC_PREPROCESSOR_DEFINITIONS = (
					"DEBUG=1",
					"$(inherited)",
				);
				GCC_SYMBOLS_PRIVATE_EXTERN = NO;
				GCC_WARN_64_TO_32_BIT_CONVERSION = YES;
				GCC_WARN_ABOUT_RETURN_TYPE = YES_ERROR;
				GCC_WARN_UNDECLARED_SELECTOR = YES;
				GCC_WARN_UNINITIALIZED_AUTOS = YES_AGGRESSIVE;
				GCC_WARN_UNUSED_FUNCTION = YES;
				GCC_WARN_UNUSED_VARIABLE = YES;
				IPHONEOS_DEPLOYMENT_TARGET = 8.3;
				MTL_ENABLE_DEBUG_INFO = YES;
				ONLY_ACTIVE_ARCH = YES;
				SDKROOT = iphoneos;
				SWIFT_OPTIMIZATION_LEVEL = "-Onone";
				TARGETED_DEVICE_FAMILY = "1,2";
			};
			name = Debug;
		};
		885F89161B0BA085009C82EB /* Release */ = {
			isa = XCBuildConfiguration;
			buildSettings = {
				ALWAYS_SEARCH_USER_PATHS = NO;
				CLANG_CXX_LANGUAGE_STANDARD = "gnu++0x";
				CLANG_CXX_LIBRARY = "libc++";
				CLANG_ENABLE_MODULES = YES;
				CLANG_ENABLE_OBJC_ARC = YES;
				CLANG_WARN_BOOL_CONVERSION = YES;
				CLANG_WARN_CONSTANT_CONVERSION = YES;
				CLANG_WARN_DIRECT_OBJC_ISA_USAGE = YES_ERROR;
				CLANG_WARN_EMPTY_BODY = YES;
				CLANG_WARN_ENUM_CONVERSION = YES;
				CLANG_WARN_INT_CONVERSION = YES;
				CLANG_WARN_OBJC_ROOT_CLASS = YES_ERROR;
				CLANG_WARN_UNREACHABLE_CODE = YES;
				CLANG_WARN__DUPLICATE_METHOD_MATCH = YES;
				CODE_SIGN_IDENTITY = "iPhone Distribution";
				"CODE_SIGN_IDENTITY[sdk=iphoneos*]" = "iPhone Developer";
				COPY_PHASE_STRIP = NO;
				DEBUG_INFORMATION_FORMAT = "dwarf-with-dsym";
				ENABLE_NS_ASSERTIONS = NO;
				ENABLE_STRICT_OBJC_MSGSEND = YES;
				GCC_C_LANGUAGE_STANDARD = gnu99;
				GCC_NO_COMMON_BLOCKS = YES;
				GCC_WARN_64_TO_32_BIT_CONVERSION = YES;
				GCC_WARN_ABOUT_RETURN_TYPE = YES_ERROR;
				GCC_WARN_UNDECLARED_SELECTOR = YES;
				GCC_WARN_UNINITIALIZED_AUTOS = YES_AGGRESSIVE;
				GCC_WARN_UNUSED_FUNCTION = YES;
				GCC_WARN_UNUSED_VARIABLE = YES;
				IPHONEOS_DEPLOYMENT_TARGET = 8.3;
				MTL_ENABLE_DEBUG_INFO = NO;
				SDKROOT = iphoneos;
				TARGETED_DEVICE_FAMILY = "1,2";
				VALIDATE_PRODUCT = YES;
			};
			name = Release;
		};
		885F89181B0BA085009C82EB /* Debug */ = {
			isa = XCBuildConfiguration;
			buildSettings = {
				ASSETCATALOG_COMPILER_APPICON_NAME = AppIcon;
				CODE_SIGN_IDENTITY = "iPhone Developer";
				INFOPLIST_FILE = BouncerL13/Info.plist;
				LD_RUNPATH_SEARCH_PATHS = "$(inherited) @executable_path/Frameworks";
				PRODUCT_NAME = "$(TARGET_NAME)";
			};
			name = Debug;
		};
		885F89191B0BA085009C82EB /* Release */ = {
			isa = XCBuildConfiguration;
			buildSettings = {
				ASSETCATALOG_COMPILER_APPICON_NAME = AppIcon;
				CODE_SIGN_IDENTITY = "iPhone Developer";
				INFOPLIST_FILE = BouncerL13/Info.plist;
				LD_RUNPATH_SEARCH_PATHS = "$(inherited) @executable_path/Frameworks";
				PRODUCT_NAME = "$(TARGET_NAME)";
			};
			name = Release;
		};
		885F891B1B0BA085009C82EB /* Debug */ = {
			isa = XCBuildConfiguration;
			buildSettings = {
				BUNDLE_LOADER = "$(TEST_HOST)";
				FRAMEWORK_SEARCH_PATHS = (
					"$(SDKROOT)/Developer/Library/Frameworks",
					"$(inherited)",
				);
				GCC_PREPROCESSOR_DEFINITIONS = (
					"DEBUG=1",
					"$(inherited)",
				);
				INFOPLIST_FILE = BouncerL13Tests/Info.plist;
				LD_RUNPATH_SEARCH_PATHS = "$(inherited) @executable_path/Frameworks @loader_path/Frameworks";
				PRODUCT_NAME = "$(TARGET_NAME)";
				TEST_HOST = "$(BUILT_PRODUCTS_DIR)/BouncerL13.app/BouncerL13";
			};
			name = Debug;
		};
		885F891C1B0BA085009C82EB /* Release */ = {
			isa = XCBuildConfiguration;
			buildSettings = {
				BUNDLE_LOADER = "$(TEST_HOST)";
				FRAMEWORK_SEARCH_PATHS = (
					"$(SDKROOT)/Developer/Library/Frameworks",
					"$(inherited)",
				);
				INFOPLIST_FILE = BouncerL13Tests/Info.plist;
				LD_RUNPATH_SEARCH_PATHS = "$(inherited) @executable_path/Frameworks @loader_path/Frameworks";
				PRODUCT_NAME = "$(TARGET_NAME)";
				TEST_HOST = "$(BUILT_PRODUCTS_DIR)/BouncerL13.app/BouncerL13";
			};
			name = Release;
		};
/* End XCBuildConfiguration section */

/* Begin XCConfigurationList section */
		885F88F31B0BA085009C82EB /* Build configuration list for PBXProject "BouncerL13" */ = {
			isa = XCConfigurationList;
			buildConfigurations = (
				885F89151B0BA085009C82EB /* Debug */,
				885F89161B0BA085009C82EB /* Release */,
			);
			defaultConfigurationIsVisible = 0;
			defaultConfigurationName = Release;
		};
		885F89171B0BA085009C82EB /* Build configuration list for PBXNativeTarget "BouncerL13" */ = {
			isa = XCConfigurationList;
			buildConfigurations = (
				885F89181B0BA085009C82EB /* Debug */,
				885F89191B0BA085009C82EB /* Release */,
			);
			defaultConfigurationIsVisible = 0;
			defaultConfigurationName = Release;
		};
		885F891A1B0BA085009C82EB /* Build configuration list for PBXNativeTarget "BouncerL13Tests" */ = {
			isa = XCConfigurationList;
			buildConfigurations = (
				885F891B1B0BA085009C82EB /* Debug */,
				885F891C1B0BA085009C82EB /* Release */,
			);
			defaultConfigurationIsVisible = 0;
			defaultConfigurationName = Release;
		};
/* End XCConfigurationList section */
	};
	rootObject = 885F88F01B0BA085009C82EB /* Project object */;
}
